
Microsoft Visual Studio Solution File, Format Version 12.00
# Visual Studio 14
VisualStudioVersion = 14.0.25420.1
MinimumVisualStudioVersion = 10.0.40219.1
Project("{D954291E-2A0B-460D-934E-DC6B0785DB48}") = "IoTApp", "IoTApp\IoTApp\IoTApp.shproj", "{183BAA41-C0AE-4FD7-AC85-6E4E02EC45DC}"
EndProject
Project("{FAE04EC0-301F-11D3-BF4B-00C04F79EFBC}") = "IoTApp.Droid", "IoTApp\IoTApp.Droid\IoTApp.Droid.csproj", "{26722A65-2404-4767-BEAF-3DF35B7D01CA}"
EndProject
Project("{FAE04EC0-301F-11D3-BF4B-00C04F79EFBC}") = "IoTApp.iOS", "IoTApp\IoTApp.iOS\IoTApp.iOS.csproj", "{863B1AD2-3139-4F45-AF40-1272D01BB79A}"
EndProject
Project("{FAE04EC0-301F-11D3-BF4B-00C04F79EFBC}") = "IoTApp.WinPhone", "IoTApp\IoTApp.WinPhone\IoTApp.WinPhone.csproj", "{4189A6DC-3978-43A3-BE9B-6EE36DACF8EE}"
EndProject
Global
	GlobalSection(SharedMSBuildProjectFiles) = preSolution
		IoTApp\IoTApp\IoTApp.projitems*{183baa41-c0ae-4fd7-ac85-6e4e02ec45dc}*SharedItemsImports = 13
		IoTApp\IoTApp\IoTApp.projitems*{26722a65-2404-4767-beaf-3df35b7d01ca}*SharedItemsImports = 4
		IoTApp\IoTApp\IoTApp.projitems*{4189a6dc-3978-43a3-be9b-6ee36dacf8ee}*SharedItemsImports = 4
		IoTApp\IoTApp\IoTApp.projitems*{863b1ad2-3139-4f45-af40-1272d01bb79a}*SharedItemsImports = 4
	EndGlobalSection
	GlobalSection(SolutionConfigurationPlatforms) = preSolution
		Ad-Hoc|Any CPU = Ad-Hoc|Any CPU
		Ad-Hoc|ARM = Ad-Hoc|ARM
		Ad-Hoc|iPhone = Ad-Hoc|iPhone
		Ad-Hoc|iPhoneSimulator = Ad-Hoc|iPhoneSimulator
		Ad-Hoc|x64 = Ad-Hoc|x64
		Ad-Hoc|x86 = Ad-Hoc|x86
		AppStore|Any CPU = AppStore|Any CPU
		AppStore|ARM = AppStore|ARM
		AppStore|iPhone = AppStore|iPhone
		AppStore|iPhoneSimulator = AppStore|iPhoneSimulator
		AppStore|x64 = AppStore|x64
		AppStore|x86 = AppStore|x86
		Debug|Any CPU = Debug|Any CPU
		Debug|ARM = Debug|ARM
		Debug|iPhone = Debug|iPhone
		Debug|iPhoneSimulator = Debug|iPhoneSimulator
		Debug|x64 = Debug|x64
		Debug|x86 = Debug|x86
		Release|Any CPU = Release|Any CPU
		Release|ARM = Release|ARM
		Release|iPhone = Release|iPhone
		Release|iPhoneSimulator = Release|iPhoneSimulator
		Release|x64 = Release|x64
		Release|x86 = Release|x86
	EndGlobalSection
	GlobalSection(ProjectConfigurationPlatforms) = postSolution
		{26722A65-2404-4767-BEAF-3DF35B7D01CA}.Ad-Hoc|Any CPU.ActiveCfg = Release|Any CPU
		{26722A65-2404-4767-BEAF-3DF35B7D01CA}.Ad-Hoc|Any CPU.Build.0 = Release|Any CPU
		{26722A65-2404-4767-BEAF-3DF35B7D01CA}.Ad-Hoc|Any CPU.Deploy.0 = Release|Any CPU
		{26722A65-2404-4767-BEAF-3DF35B7D01CA}.Ad-Hoc|ARM.ActiveCfg = Release|Any CPU
		{26722A65-2404-4767-BEAF-3DF35B7D01CA}.Ad-Hoc|ARM.Build.0 = Release|Any CPU
		{26722A65-2404-4767-BEAF-3DF35B7D01CA}.Ad-Hoc|ARM.Deploy.0 = Release|Any CPU
		{26722A65-2404-4767-BEAF-3DF35B7D01CA}.Ad-Hoc|iPhone.ActiveCfg = Release|Any CPU
		{26722A65-2404-4767-BEAF-3DF35B7D01CA}.Ad-Hoc|iPhone.Build.0 = Release|Any CPU
		{26722A65-2404-4767-BEAF-3DF35B7D01CA}.Ad-Hoc|iPhone.Deploy.0 = Release|Any CPU
		{26722A65-2404-4767-BEAF-3DF35B7D01CA}.Ad-Hoc|iPhoneSimulator.ActiveCfg = Release|Any CPU
		{26722A65-2404-4767-BEAF-3DF35B7D01CA}.Ad-Hoc|iPhoneSimulator.Build.0 = Release|Any CPU
		{26722A65-2404-4767-BEAF-3DF35B7D01CA}.Ad-Hoc|iPhoneSimulator.Deploy.0 = Release|Any CPU
		{26722A65-2404-4767-BEAF-3DF35B7D01CA}.Ad-Hoc|x64.ActiveCfg = Release|Any CPU
		{26722A65-2404-4767-BEAF-3DF35B7D01CA}.Ad-Hoc|x64.Build.0 = Release|Any CPU
		{26722A65-2404-4767-BEAF-3DF35B7D01CA}.Ad-Hoc|x64.Deploy.0 = Release|Any CPU
		{26722A65-2404-4767-BEAF-3DF35B7D01CA}.Ad-Hoc|x86.ActiveCfg = Release|Any CPU
		{26722A65-2404-4767-BEAF-3DF35B7D01CA}.Ad-Hoc|x86.Build.0 = Release|Any CPU
		{26722A65-2404-4767-BEAF-3DF35B7D01CA}.Ad-Hoc|x86.Deploy.0 = Release|Any CPU
		{26722A65-2404-4767-BEAF-3DF35B7D01CA}.AppStore|Any CPU.ActiveCfg = Release|Any CPU
		{26722A65-2404-4767-BEAF-3DF35B7D01CA}.AppStore|Any CPU.Build.0 = Release|Any CPU
		{26722A65-2404-4767-BEAF-3DF35B7D01CA}.AppStore|Any CPU.Deploy.0 = Release|Any CPU
		{26722A65-2404-4767-BEAF-3DF35B7D01CA}.AppStore|ARM.ActiveCfg = Release|Any CPU
		{26722A65-2404-4767-BEAF-3DF35B7D01CA}.AppStore|ARM.Build.0 = Release|Any CPU
		{26722A65-2404-4767-BEAF-3DF35B7D01CA}.AppStore|ARM.Deploy.0 = Release|Any CPU
		{26722A65-2404-4767-BEAF-3DF35B7D01CA}.AppStore|iPhone.ActiveCfg = Release|Any CPU
		{26722A65-2404-4767-BEAF-3DF35B7D01CA}.AppStore|iPhone.Build.0 = Release|Any CPU
		{26722A65-2404-4767-BEAF-3DF35B7D01CA}.AppStore|iPhone.Deploy.0 = Release|Any CPU
		{26722A65-2404-4767-BEAF-3DF35B7D01CA}.AppStore|iPhoneSimulator.ActiveCfg = Release|Any CPU
		{26722A65-2404-4767-BEAF-3DF35B7D01CA}.AppStore|iPhoneSimulator.Build.0 = Release|Any CPU
		{26722A65-2404-4767-BEAF-3DF35B7D01CA}.AppStore|iPhoneSimulator.Deploy.0 = Release|Any CPU
		{26722A65-2404-4767-BEAF-3DF35B7D01CA}.AppStore|x64.ActiveCfg = Release|Any CPU
		{26722A65-2404-4767-BEAF-3DF35B7D01CA}.AppStore|x64.Build.0 = Release|Any CPU
		{26722A65-2404-4767-BEAF-3DF35B7D01CA}.AppStore|x64.Deploy.0 = Release|Any CPU
		{26722A65-2404-4767-BEAF-3DF35B7D01CA}.AppStore|x86.ActiveCfg = Release|Any CPU
		{26722A65-2404-4767-BEAF-3DF35B7D01CA}.AppStore|x86.Build.0 = Release|Any CPU
		{26722A65-2404-4767-BEAF-3DF35B7D01CA}.AppStore|x86.Deploy.0 = Release|Any CPU
		{26722A65-2404-4767-BEAF-3DF35B7D01CA}.Debug|Any CPU.ActiveCfg = Debug|Any CPU
		{26722A65-2404-4767-BEAF-3DF35B7D01CA}.Debug|Any CPU.Build.0 = Debug|Any CPU
		{26722A65-2404-4767-BEAF-3DF35B7D01CA}.Debug|Any CPU.Deploy.0 = Debug|Any CPU
		{26722A65-2404-4767-BEAF-3DF35B7D01CA}.Debug|ARM.ActiveCfg = Debug|Any CPU
		{26722A65-2404-4767-BEAF-3DF35B7D01CA}.Debug|ARM.Build.0 = Debug|Any CPU
		{26722A65-2404-4767-BEAF-3DF35B7D01CA}.Debug|ARM.Deploy.0 = Debug|Any CPU
		{26722A65-2404-4767-BEAF-3DF35B7D01CA}.Debug|iPhone.ActiveCfg = Debug|Any CPU
		{26722A65-2404-4767-BEAF-3DF35B7D01CA}.Debug|iPhone.Build.0 = Debug|Any CPU
		{26722A65-2404-4767-BEAF-3DF35B7D01CA}.Debug|iPhone.Deploy.0 = Debug|Any CPU
		{26722A65-2404-4767-BEAF-3DF35B7D01CA}.Debug|iPhoneSimulator.ActiveCfg = Debug|Any CPU
		{26722A65-2404-4767-BEAF-3DF35B7D01CA}.Debug|iPhoneSimulator.Build.0 = Debug|Any CPU
		{26722A65-2404-4767-BEAF-3DF35B7D01CA}.Debug|iPhoneSimulator.Deploy.0 = Debug|Any CPU
		{26722A65-2404-4767-BEAF-3DF35B7D01CA}.Debug|x64.ActiveCfg = Debug|Any CPU
		{26722A65-2404-4767-BEAF-3DF35B7D01CA}.Debug|x64.Build.0 = Debug|Any CPU
		{26722A65-2404-4767-BEAF-3DF35B7D01CA}.Debug|x64.Deploy.0 = Debug|Any CPU
		{26722A65-2404-4767-BEAF-3DF35B7D01CA}.Debug|x86.ActiveCfg = Debug|Any CPU
		{26722A65-2404-4767-BEAF-3DF35B7D01CA}.Debug|x86.Build.0 = Debug|Any CPU
		{26722A65-2404-4767-BEAF-3DF35B7D01CA}.Debug|x86.Deploy.0 = Debug|Any CPU
		{26722A65-2404-4767-BEAF-3DF35B7D01CA}.Release|Any CPU.ActiveCfg = Release|Any CPU
		{26722A65-2404-4767-BEAF-3DF35B7D01CA}.Release|Any CPU.Build.0 = Release|Any CPU
		{26722A65-2404-4767-BEAF-3DF35B7D01CA}.Release|Any CPU.Deploy.0 = Release|Any CPU
		{26722A65-2404-4767-BEAF-3DF35B7D01CA}.Release|ARM.ActiveCfg = Release|Any CPU
		{26722A65-2404-4767-BEAF-3DF35B7D01CA}.Release|ARM.Build.0 = Release|Any CPU
		{26722A65-2404-4767-BEAF-3DF35B7D01CA}.Release|ARM.Deploy.0 = Release|Any CPU
		{26722A65-2404-4767-BEAF-3DF35B7D01CA}.Release|iPhone.ActiveCfg = Release|Any CPU
		{26722A65-2404-4767-BEAF-3DF35B7D01CA}.Release|iPhone.Build.0 = Release|Any CPU
		{26722A65-2404-4767-BEAF-3DF35B7D01CA}.Release|iPhone.Deploy.0 = Release|Any CPU
		{26722A65-2404-4767-BEAF-3DF35B7D01CA}.Release|iPhoneSimulator.ActiveCfg = Release|Any CPU
		{26722A65-2404-4767-BEAF-3DF35B7D01CA}.Release|iPhoneSimulator.Build.0 = Release|Any CPU
		{26722A65-2404-4767-BEAF-3DF35B7D01CA}.Release|iPhoneSimulator.Deploy.0 = Release|Any CPU
		{26722A65-2404-4767-BEAF-3DF35B7D01CA}.Release|x64.ActiveCfg = Release|Any CPU
		{26722A65-2404-4767-BEAF-3DF35B7D01CA}.Release|x64.Build.0 = Release|Any CPU
		{26722A65-2404-4767-BEAF-3DF35B7D01CA}.Release|x64.Deploy.0 = Release|Any CPU
		{26722A65-2404-4767-BEAF-3DF35B7D01CA}.Release|x86.ActiveCfg = Release|Any CPU
		{26722A65-2404-4767-BEAF-3DF35B7D01CA}.Release|x86.Build.0 = Release|Any CPU
		{26722A65-2404-4767-BEAF-3DF35B7D01CA}.Release|x86.Deploy.0 = Release|Any CPU
		{863B1AD2-3139-4F45-AF40-1272D01BB79A}.Ad-Hoc|Any CPU.ActiveCfg = Ad-Hoc|iPhone
		{863B1AD2-3139-4F45-AF40-1272D01BB79A}.Ad-Hoc|ARM.ActiveCfg = Ad-Hoc|iPhone
		{863B1AD2-3139-4F45-AF40-1272D01BB79A}.Ad-Hoc|iPhone.ActiveCfg = Ad-Hoc|iPhone
		{863B1AD2-3139-4F45-AF40-1272D01BB79A}.Ad-Hoc|iPhone.Build.0 = Ad-Hoc|iPhone
		{863B1AD2-3139-4F45-AF40-1272D01BB79A}.Ad-Hoc|iPhoneSimulator.ActiveCfg = Ad-Hoc|iPhoneSimulator
		{863B1AD2-3139-4F45-AF40-1272D01BB79A}.Ad-Hoc|iPhoneSimulator.Build.0 = Ad-Hoc|iPhoneSimulator
		{863B1AD2-3139-4F45-AF40-1272D01BB79A}.Ad-Hoc|x64.ActiveCfg = Ad-Hoc|iPhone
		{863B1AD2-3139-4F45-AF40-1272D01BB79A}.Ad-Hoc|x86.ActiveCfg = Ad-Hoc|iPhone
		{863B1AD2-3139-4F45-AF40-1272D01BB79A}.AppStore|Any CPU.ActiveCfg = AppStore|iPhone
		{863B1AD2-3139-4F45-AF40-1272D01BB79A}.AppStore|ARM.ActiveCfg = AppStore|iPhone
		{863B1AD2-3139-4F45-AF40-1272D01BB79A}.AppStore|iPhone.ActiveCfg = AppStore|iPhone
		{863B1AD2-3139-4F45-AF40-1272D01BB79A}.AppStore|iPhone.Build.0 = AppStore|iPhone
		{863B1AD2-3139-4F45-AF40-1272D01BB79A}.AppStore|iPhoneSimulator.ActiveCfg = AppStore|iPhoneSimulator
		{863B1AD2-3139-4F45-AF40-1272D01BB79A}.AppStore|iPhoneSimulator.Build.0 = AppStore|iPhoneSimulator
		{863B1AD2-3139-4F45-AF40-1272D01BB79A}.AppStore|x64.ActiveCfg = AppStore|iPhone
		{863B1AD2-3139-4F45-AF40-1272D01BB79A}.AppStore|x86.ActiveCfg = AppStore|iPhone
		{863B1AD2-3139-4F45-AF40-1272D01BB79A}.Debug|Any CPU.ActiveCfg = Debug|iPhone
		{863B1AD2-3139-4F45-AF40-1272D01BB79A}.Debug|ARM.ActiveCfg = Debug|iPhone
		{863B1AD2-3139-4F45-AF40-1272D01BB79A}.Debug|iPhone.ActiveCfg = Debug|iPhone
		{863B1AD2-3139-4F45-AF40-1272D01BB79A}.Debug|iPhone.Build.0 = Debug|iPhone
		{863B1AD2-3139-4F45-AF40-1272D01BB79A}.Debug|iPhoneSimulator.ActiveCfg = Debug|iPhoneSimulator
		{863B1AD2-3139-4F45-AF40-1272D01BB79A}.Debug|iPhoneSimulator.Build.0 = Debug|iPhoneSimulator
		{863B1AD2-3139-4F45-AF40-1272D01BB79A}.Debug|x64.ActiveCfg = Debug|iPhone
		{863B1AD2-3139-4F45-AF40-1272D01BB79A}.Debug|x86.ActiveCfg = Debug|iPhone
		{863B1AD2-3139-4F45-AF40-1272D01BB79A}.Release|Any CPU.ActiveCfg = Release|iPhone
		{863B1AD2-3139-4F45-AF40-1272D01BB79A}.Release|ARM.ActiveCfg = Release|iPhone
		{863B1AD2-3139-4F45-AF40-1272D01BB79A}.Release|iPhone.ActiveCfg = Release|iPhone
		{863B1AD2-3139-4F45-AF40-1272D01BB79A}.Release|iPhone.Build.0 = Release|iPhone
		{863B1AD2-3139-4F45-AF40-1272D01BB79A}.Release|iPhoneSimulator.ActiveCfg = Release|iPhoneSimulator
		{863B1AD2-3139-4F45-AF40-1272D01BB79A}.Release|iPhoneSimulator.Build.0 = Release|iPhoneSimulator
		{863B1AD2-3139-4F45-AF40-1272D01BB79A}.Release|x64.ActiveCfg = Release|iPhone
		{863B1AD2-3139-4F45-AF40-1272D01BB79A}.Release|x86.ActiveCfg = Release|iPhone
		{4189A6DC-3978-43A3-BE9B-6EE36DACF8EE}.Ad-Hoc|Any CPU.ActiveCfg = Release|Any CPU
		{4189A6DC-3978-43A3-BE9B-6EE36DACF8EE}.Ad-Hoc|Any CPU.Build.0 = Release|Any CPU
		{4189A6DC-3978-43A3-BE9B-6EE36DACF8EE}.Ad-Hoc|Any CPU.Deploy.0 = Release|Any CPU
		{4189A6DC-3978-43A3-BE9B-6EE36DACF8EE}.Ad-Hoc|ARM.ActiveCfg = Release|ARM
		{4189A6DC-3978-43A3-BE9B-6EE36DACF8EE}.Ad-Hoc|ARM.Build.0 = Release|ARM
		{4189A6DC-3978-43A3-BE9B-6EE36DACF8EE}.Ad-Hoc|ARM.Deploy.0 = Release|ARM
		{4189A6DC-3978-43A3-BE9B-6EE36DACF8EE}.Ad-Hoc|iPhone.ActiveCfg = Release|Any CPU
		{4189A6DC-3978-43A3-BE9B-6EE36DACF8EE}.Ad-Hoc|iPhone.Build.0 = Release|Any CPU
		{4189A6DC-3978-43A3-BE9B-6EE36DACF8EE}.Ad-Hoc|iPhone.Deploy.0 = Release|Any CPU
		{4189A6DC-3978-43A3-BE9B-6EE36DACF8EE}.Ad-Hoc|iPhoneSimulator.ActiveCfg = Release|Any CPU
		{4189A6DC-3978-43A3-BE9B-6EE36DACF8EE}.Ad-Hoc|iPhoneSimulator.Build.0 = Release|Any CPU
		{4189A6DC-3978-43A3-BE9B-6EE36DACF8EE}.Ad-Hoc|iPhoneSimulator.Deploy.0 = Release|Any CPU
		{4189A6DC-3978-43A3-BE9B-6EE36DACF8EE}.Ad-Hoc|x64.ActiveCfg = Release|Any CPU
		{4189A6DC-3978-43A3-BE9B-6EE36DACF8EE}.Ad-Hoc|x64.Build.0 = Release|Any CPU
		{4189A6DC-3978-43A3-BE9B-6EE36DACF8EE}.Ad-Hoc|x64.Deploy.0 = Release|Any CPU
		{4189A6DC-3978-43A3-BE9B-6EE36DACF8EE}.Ad-Hoc|x86.ActiveCfg = Release|x86
		{4189A6DC-3978-43A3-BE9B-6EE36DACF8EE}.Ad-Hoc|x86.Build.0 = Release|x86
		{4189A6DC-3978-43A3-BE9B-6EE36DACF8EE}.Ad-Hoc|x86.Deploy.0 = Release|x86
		{4189A6DC-3978-43A3-BE9B-6EE36DACF8EE}.AppStore|Any CPU.ActiveCfg = Release|Any CPU
		{4189A6DC-3978-43A3-BE9B-6EE36DACF8EE}.AppStore|Any CPU.Build.0 = Release|Any CPU
		{4189A6DC-3978-43A3-BE9B-6EE36DACF8EE}.AppStore|Any CPU.Deploy.0 = Release|Any CPU
		{4189A6DC-3978-43A3-BE9B-6EE36DACF8EE}.AppStore|ARM.ActiveCfg = Release|ARM
		{4189A6DC-3978-43A3-BE9B-6EE36DACF8EE}.AppStore|ARM.Build.0 = Release|ARM
		{4189A6DC-3978-43A3-BE9B-6EE36DACF8EE}.AppStore|ARM.Deploy.0 = Release|ARM
		{4189A6DC-3978-43A3-BE9B-6EE36DACF8EE}.AppStore|iPhone.ActiveCfg = Release|Any CPU
		{4189A6DC-3978-43A3-BE9B-6EE36DACF8EE}.AppStore|iPhone.Build.0 = Release|Any CPU
		{4189A6DC-3978-43A3-BE9B-6EE36DACF8EE}.AppStore|iPhone.Deploy.0 = Release|Any CPU
		{4189A6DC-3978-43A3-BE9B-6EE36DACF8EE}.AppStore|iPhoneSimulator.ActiveCfg = Release|Any CPU
		{4189A6DC-3978-43A3-BE9B-6EE36DACF8EE}.AppStore|iPhoneSimulator.Build.0 = Release|Any CPU
		{4189A6DC-3978-43A3-BE9B-6EE36DACF8EE}.AppStore|iPhoneSimulator.Deploy.0 = Release|Any CPU
		{4189A6DC-3978-43A3-BE9B-6EE36DACF8EE}.AppStore|x64.ActiveCfg = Release|Any CPU
		{4189A6DC-3978-43A3-BE9B-6EE36DACF8EE}.AppStore|x64.Build.0 = Release|Any CPU
		{4189A6DC-3978-43A3-BE9B-6EE36DACF8EE}.AppStore|x64.Deploy.0 = Release|Any CPU
		{4189A6DC-3978-43A3-BE9B-6EE36DACF8EE}.AppStore|x86.ActiveCfg = Release|x86
		{4189A6DC-3978-43A3-BE9B-6EE36DACF8EE}.AppStore|x86.Build.0 = Release|x86
		{4189A6DC-3978-43A3-BE9B-6EE36DACF8EE}.AppStore|x86.Deploy.0 = Release|x86
		{4189A6DC-3978-43A3-BE9B-6EE36DACF8EE}.Debug|Any CPU.ActiveCfg = Debug|Any CPU
		{4189A6DC-3978-43A3-BE9B-6EE36DACF8EE}.Debug|Any CPU.Build.0 = Debug|Any CPU
		{4189A6DC-3978-43A3-BE9B-6EE36DACF8EE}.Debug|Any CPU.Deploy.0 = Debug|Any CPU
		{4189A6DC-3978-43A3-BE9B-6EE36DACF8EE}.Debug|ARM.ActiveCfg = Debug|ARM
		{4189A6DC-3978-43A3-BE9B-6EE36DACF8EE}.Debug|ARM.Build.0 = Debug|ARM
		{4189A6DC-3978-43A3-BE9B-6EE36DACF8EE}.Debug|ARM.Deploy.0 = Debug|ARM
		{4189A6DC-3978-43A3-BE9B-6EE36DACF8EE}.Debug|iPhone.ActiveCfg = Debug|Any CPU
		{4189A6DC-3978-43A3-BE9B-6EE36DACF8EE}.Debug|iPhone.Build.0 = Debug|Any CPU
		{4189A6DC-3978-43A3-BE9B-6EE36DACF8EE}.Debug|iPhone.Deploy.0 = Debug|Any CPU
		{4189A6DC-3978-43A3-BE9B-6EE36DACF8EE}.Debug|iPhoneSimulator.ActiveCfg = Debug|Any CPU
		{4189A6DC-3978-43A3-BE9B-6EE36DACF8EE}.Debug|iPhoneSimulator.Build.0 = Debug|Any CPU
		{4189A6DC-3978-43A3-BE9B-6EE36DACF8EE}.Debug|iPhoneSimulator.Deploy.0 = Debug|Any CPU
		{4189A6DC-3978-43A3-BE9B-6EE36DACF8EE}.Debug|x64.ActiveCfg = Debug|Any CPU
		{4189A6DC-3978-43A3-BE9B-6EE36DACF8EE}.Debug|x64.Build.0 = Debug|Any CPU
		{4189A6DC-3978-43A3-BE9B-6EE36DACF8EE}.Debug|x64.Deploy.0 = Debug|Any CPU
		{4189A6DC-3978-43A3-BE9B-6EE36DACF8EE}.Debug|x86.ActiveCfg = Debug|x86
		{4189A6DC-3978-43A3-BE9B-6EE36DACF8EE}.Debug|x86.Build.0 = Debug|x86
		{4189A6DC-3978-43A3-BE9B-6EE36DACF8EE}.Debug|x86.Deploy.0 = Debug|x86
		{4189A6DC-3978-43A3-BE9B-6EE36DACF8EE}.Release|Any CPU.ActiveCfg = Release|Any CPU
		{4189A6DC-3978-43A3-BE9B-6EE36DACF8EE}.Release|Any CPU.Build.0 = Release|Any CPU
		{4189A6DC-3978-43A3-BE9B-6EE36DACF8EE}.Release|Any CPU.Deploy.0 = Release|Any CPU
		{4189A6DC-3978-43A3-BE9B-6EE36DACF8EE}.Release|ARM.ActiveCfg = Release|ARM
		{4189A6DC-3978-43A3-BE9B-6EE36DACF8EE}.Release|ARM.Build.0 = Release|ARM
		{4189A6DC-3978-43A3-BE9B-6EE36DACF8EE}.Release|ARM.Deploy.0 = Release|ARM
		{4189A6DC-3978-43A3-BE9B-6EE36DACF8EE}.Release|iPhone.ActiveCfg = Release|Any CPU
		{4189A6DC-3978-43A3-BE9B-6EE36DACF8EE}.Release|iPhone.Build.0 = Release|Any CPU
		{4189A6DC-3978-43A3-BE9B-6EE36DACF8EE}.Release|iPhone.Deploy.0 = Release|Any CPU
		{4189A6DC-3978-43A3-BE9B-6EE36DACF8EE}.Release|iPhoneSimulator.ActiveCfg = Release|Any CPU
		{4189A6DC-3978-43A3-BE9B-6EE36DACF8EE}.Release|iPhoneSimulator.Build.0 = Release|Any CPU
		{4189A6DC-3978-43A3-BE9B-6EE36DACF8EE}.Release|iPhoneSimulator.Deploy.0 = Release|Any CPU
		{4189A6DC-3978-43A3-BE9B-6EE36DACF8EE}.Release|x64.ActiveCfg = Release|Any CPU
		{4189A6DC-3978-43A3-BE9B-6EE36DACF8EE}.Release|x64.Build.0 = Release|Any CPU
		{4189A6DC-3978-43A3-BE9B-6EE36DACF8EE}.Release|x64.Deploy.0 = Release|Any CPU
		{4189A6DC-3978-43A3-BE9B-6EE36DACF8EE}.Release|x86.ActiveCfg = Release|x86
		{4189A6DC-3978-43A3-BE9B-6EE36DACF8EE}.Release|x86.Build.0 = Release|x86
		{4189A6DC-3978-43A3-BE9B-6EE36DACF8EE}.Release|x86.Deploy.0 = Release|x86
	EndGlobalSection
	GlobalSection(SolutionProperties) = preSolution
		HideSolutionNode = FALSE
	EndGlobalSection
EndGlobal
